// !$*UTF8*$!
{
	archiveVersion = 1;
	classes = {
	};
	objectVersion = 55;
	objects = {

/* Begin PBXBuildFile section */
		27744F3929B4105E00BC7B4C /* AppDelegate.swift in Sources */ = {isa = PBXBuildFile; fileRef = 27744F3829B4105E00BC7B4C /* AppDelegate.swift */; };
		27744F3B29B4105E00BC7B4C /* SceneDelegate.swift in Sources */ = {isa = PBXBuildFile; fileRef = 27744F3A29B4105E00BC7B4C /* SceneDelegate.swift */; };
		27744F3D29B4105E00BC7B4C /* ViewController.swift in Sources */ = {isa = PBXBuildFile; fileRef = 27744F3C29B4105E00BC7B4C /* ViewController.swift */; };
		27744F4029B4105E00BC7B4C /* Main.storyboard in Resources */ = {isa = PBXBuildFile; fileRef = 27744F3E29B4105E00BC7B4C /* Main.storyboard */; };
		27744F4329B4105E00BC7B4C /* WiCHacksApp.xcdatamodeld in Sources */ = {isa = PBXBuildFile; fileRef = 27744F4129B4105E00BC7B4C /* WiCHacksApp.xcdatamodeld */; };
		27744F4529B4105F00BC7B4C /* Assets.xcassets in Resources */ = {isa = PBXBuildFile; fileRef = 27744F4429B4105F00BC7B4C /* Assets.xcassets */; };
		27744F4829B4105F00BC7B4C /* LaunchScreen.storyboard in Resources */ = {isa = PBXBuildFile; fileRef = 27744F4629B4105F00BC7B4C /* LaunchScreen.storyboard */; };
/* End PBXBuildFile section */

/* Begin PBXFileReference section */
		27744F3529B4105E00BC7B4C /* WiCHacksApp.app */ = {isa = PBXFileReference; explicitFileType = wrapper.application; includeInIndex = 0; path = WiCHacksApp.app; sourceTree = BUILT_PRODUCTS_DIR; };
		27744F3829B4105E00BC7B4C /* AppDelegate.swift */ = {isa = PBXFileReference; lastKnownFileType = sourcecode.swift; path = AppDelegate.swift; sourceTree = "<group>"; };
		27744F3A29B4105E00BC7B4C /* SceneDelegate.swift */ = {isa = PBXFileReference; lastKnownFileType = sourcecode.swift; path = SceneDelegate.swift; sourceTree = "<group>"; };
		27744F3C29B4105E00BC7B4C /* ViewController.swift */ = {isa = PBXFileReference; lastKnownFileType = sourcecode.swift; path = ViewController.swift; sourceTree = "<group>"; };
		27744F3F29B4105E00BC7B4C /* Base */ = {isa = PBXFileReference; lastKnownFileType = file.storyboard; name = Base; path = Base.lproj/Main.storyboard; sourceTree = "<group>"; };
		27744F4229B4105E00BC7B4C /* WiCHacksApp.xcdatamodel */ = {isa = PBXFileReference; lastKnownFileType = wrapper.xcdatamodel; path = WiCHacksApp.xcdatamodel; sourceTree = "<group>"; };
		27744F4429B4105F00BC7B4C /* Assets.xcassets */ = {isa = PBXFileReference; lastKnownFileType = folder.assetcatalog; path = Assets.xcassets; sourceTree = "<group>"; };
		27744F4729B4105F00BC7B4C /* Base */ = {isa = PBXFileReference; lastKnownFileType = file.storyboard; name = Base; path = Base.lproj/LaunchScreen.storyboard; sourceTree = "<group>"; };
		27744F4929B4105F00BC7B4C /* Info.plist */ = {isa = PBXFileReference; lastKnownFileType = text.plist.xml; path = Info.plist; sourceTree = "<group>"; };
/* End PBXFileReference section */

/* Begin PBXFrameworksBuildPhase section */
		27744F3229B4105E00BC7B4C /* Frameworks */ = {
			isa = PBXFrameworksBuildPhase;
			buildActionMask = 2147483647;
			files = (
			);
			runOnlyForDeploymentPostprocessing = 0;
		};
/* End PBXFrameworksBuildPhase section */

/* Begin PBXGroup section */
		27744F2C29B4105E00BC7B4C = {
			isa = PBXGroup;
			children = (
				27744F3729B4105E00BC7B4C /* WiCHacksApp */,
				27744F3629B4105E00BC7B4C /* Products */,
			);
			sourceTree = "<group>";
		};
		27744F3629B4105E00BC7B4C /* Products */ = {
			isa = PBXGroup;
			children = (
				27744F3529B4105E00BC7B4C /* WiCHacksApp.app */,
			);
			name = Products;
			sourceTree = "<group>";
		};
		27744F3729B4105E00BC7B4C /* WiCHacksApp */ = {
			isa = PBXGroup;
			children = (
				27744F3829B4105E00BC7B4C /* AppDelegate.swift */,
				27744F3A29B4105E00BC7B4C /* SceneDelegate.swift */,
				27744F3C29B4105E00BC7B4C /* ViewController.swift */,
				27744F3E29B4105E00BC7B4C /* Main.storyboard */,
				27744F4429B4105F00BC7B4C /* Assets.xcassets */,
				27744F4629B4105F00BC7B4C /* LaunchScreen.storyboard */,
				27744F4929B4105F00BC7B4C /* Info.plist */,
				27744F4129B4105E00BC7B4C /* WiCHacksApp.xcdatamodeld */,
			);
			path = WiCHacksApp;
			sourceTree = "<group>";
		};
/* End PBXGroup section */

/* Begin PBXNativeTarget section */
		27744F3429B4105E00BC7B4C /* WiCHacksApp */ = {
			isa = PBXNativeTarget;
			buildConfigurationList = 27744F4C29B4105F00BC7B4C /* Build configuration list for PBXNativeTarget "WiCHacksApp" */;
			buildPhases = (
				27744F3129B4105E00BC7B4C /* Sources */,
				27744F3229B4105E00BC7B4C /* Frameworks */,
				27744F3329B4105E00BC7B4C /* Resources */,
			);
			buildRules = (
			);
			dependencies = (
			);
			name = WiCHacksApp;
			productName = WiCHacksApp;
			productReference = 27744F3529B4105E00BC7B4C /* WiCHacksApp.app */;
			productType = "com.apple.product-type.application";
		};
/* End PBXNativeTarget section */

/* Begin PBXProject section */
		27744F2D29B4105E00BC7B4C /* Project object */ = {
			isa = PBXProject;
			attributes = {
				BuildIndependentTargetsInParallel = 1;
				LastSwiftUpdateCheck = 1340;
				LastUpgradeCheck = 1340;
				TargetAttributes = {
					27744F3429B4105E00BC7B4C = {
						CreatedOnToolsVersion = 13.4.1;
					};
				};
			};
			buildConfigurationList = 27744F3029B4105E00BC7B4C /* Build configuration list for PBXProject "WiCHacksApp" */;
			compatibilityVersion = "Xcode 13.0";
			developmentRegion = en;
			hasScannedForEncodings = 0;
			knownRegions = (
				en,
				Base,
			);
			mainGroup = 27744F2C29B4105E00BC7B4C;
			productRefGroup = 27744F3629B4105E00BC7B4C /* Products */;
			projectDirPath = "";
			projectRoot = "";
			targets = (
				27744F3429B4105E00BC7B4C /* WiCHacksApp */,
			);
		};
/* End PBXProject section */

/* Begin PBXResourcesBuildPhase section */
		27744F3329B4105E00BC7B4C /* Resources */ = {
			isa = PBXResourcesBuildPhase;
			buildActionMask = 2147483647;
			files = (
				27744F4829B4105F00BC7B4C /* LaunchScreen.storyboard in Resources */,
				27744F4529B4105F00BC7B4C /* Assets.xcassets in Resources */,
				27744F4029B4105E00BC7B4C /* Main.storyboard in Resources */,
			);
			runOnlyForDeploymentPostprocessing = 0;
		};
/* End PBXResourcesBuildPhase section */

/* Begin PBXSourcesBuildPhase section */
		27744F3129B4105E00BC7B4C /* Sources */ = {
			isa = PBXSourcesBuildPhase;
			buildActionMask = 2147483647;
			files = (
				27744F3D29B4105E00BC7B4C /* ViewController.swift in Sources */,
				27744F3929B4105E00BC7B4C /* AppDelegate.swift in Sources */,
				27744F4329B4105E00BC7B4C /* WiCHacksApp.xcdatamodeld in Sources */,
				27744F3B29B4105E00BC7B4C /* SceneDelegate.swift in Sources */,
			);
			runOnlyForDeploymentPostprocessing = 0;
		};
/* End PBXSourcesBuildPhase section */

/* Begin PBXVariantGroup section */
		27744F3E29B4105E00BC7B4C /* Main.storyboard */ = {
			isa = PBXVariantGroup;
			children = (
				27744F3F29B4105E00BC7B4C /* Base */,
			);
			name = Main.storyboard;
			sourceTree = "<group>";
		};
		27744F4629B4105F00BC7B4C /* LaunchScreen.storyboard */ = {
			isa = PBXVariantGroup;
			children = (
				27744F4729B4105F00BC7B4C /* Base */,
			);
			name = LaunchScreen.storyboard;
			sourceTree = "<group>";
		};
/* End PBXVariantGroup section */

/* Begin XCBuildConfiguration section */
		27744F4A29B4105F00BC7B4C /* Debug */ = {
			isa = XCBuildConfiguration;
			buildSettings = {
				ALWAYS_SEARCH_USER_PATHS = NO;
				CLANG_ANALYZER_NONNULL = YES;
				CLANG_ANALYZER_NUMBER_OBJECT_CONVERSION = YES_AGGRESSIVE;
				CLANG_CXX_LANGUAGE_STANDARD = "gnu++17";
				CLANG_ENABLE_MODULES = YES;
				CLANG_ENABLE_OBJC_ARC = YES;
				CLANG_ENABLE_OBJC_WEAK = YES;
				CLANG_WARN_BLOCK_CAPTURE_AUTORELEASING = YES;
				CLANG_WARN_BOOL_CONVERSION = YES;
				CLANG_WARN_COMMA = YES;
				CLANG_WARN_CONSTANT_CONVERSION = YES;
				CLANG_WARN_DEPRECATED_OBJC_IMPLEMENTATIONS = YES;
				CLANG_WARN_DIRECT_OBJC_ISA_USAGE = YES_ERROR;
				CLANG_WARN_DOCUMENTATION_COMMENTS = YES;
				CLANG_WARN_EMPTY_BODY = YES;
				CLANG_WARN_ENUM_CONVERSION = YES;
				CLANG_WARN_INFINITE_RECURSION = YES;
				CLANG_WARN_INT_CONVERSION = YES;
				CLANG_WARN_NON_LITERAL_NULL_CONVERSION = YES;
				CLANG_WARN_OBJC_IMPLICIT_RETAIN_SELF = YES;
				CLANG_WARN_OBJC_LITERAL_CONVERSION = YES;
				CLANG_WARN_OBJC_ROOT_CLASS = YES_ERROR;
				CLANG_WARN_QUOTED_INCLUDE_IN_FRAMEWORK_HEADER = YES;
				CLANG_WARN_RANGE_LOOP_ANALYSIS = YES;
				CLANG_WARN_STRICT_PROTOTYPES = YES;
				CLANG_WARN_SUSPICIOUS_MOVE = YES;
				CLANG_WARN_UNGUARDED_AVAILABILITY = YES_AGGRESSIVE;
				CLANG_WARN_UNREACHABLE_CODE = YES;
				CLANG_WARN__DUPLICATE_METHOD_MATCH = YES;
				COPY_PHASE_STRIP = NO;
				DEBUG_INFORMATION_FORMAT = dwarf;
				ENABLE_STRICT_OBJC_MSGSEND = YES;
				ENABLE_TESTABILITY = YES;
				GCC_C_LANGUAGE_STANDARD = gnu11;
				GCC_DYNAMIC_NO_PIC = NO;
				GCC_NO_COMMON_BLOCKS = YES;
				GCC_OPTIMIZATION_LEVEL = 0;
				GCC_PREPROCESSOR_DEFINITIONS = (
					"DEBUG=1",
					"$(inherited)",
				);
				GCC_WARN_64_TO_32_BIT_CONVERSION = YES;
				GCC_WARN_ABOUT_RETURN_TYPE = YES_ERROR;
				GCC_WARN_UNDECLARED_SELECTOR = YES;
				GCC_WARN_UNINITIALIZED_AUTOS = YES_AGGRESSIVE;
				GCC_WARN_UNUSED_FUNCTION = YES;
				GCC_WARN_UNUSED_VARIABLE = YES;
				IPHONEOS_DEPLOYMENT_TARGET = 15.5;
				MTL_ENABLE_DEBUG_INFO = INCLUDE_SOURCE;
				MTL_FAST_MATH = YES;
				ONLY_ACTIVE_ARCH = YES;
				SDKROOT = iphoneos;
				SWIFT_ACTIVE_COMPILATION_CONDITIONS = DEBUG;
				SWIFT_OPTIMIZATION_LEVEL = "-Onone";
			};
			name = Debug;
		};
		27744F4B29B4105F00BC7B4C /* Release */ = {
			isa = XCBuildConfiguration;
			buildSettings = {
				ALWAYS_SEARCH_USER_PATHS = NO;
				CLANG_ANALYZER_NONNULL = YES;
				CLANG_ANALYZER_NUMBER_OBJECT_CONVERSION = YES_AGGRESSIVE;
				CLANG_CXX_LANGUAGE_STANDARD = "gnu++17";
				CLANG_ENABLE_MODULES = YES;
				CLANG_ENABLE_OBJC_ARC = YES;
				CLANG_ENABLE_OBJC_WEAK = YES;
				CLANG_WARN_BLOCK_CAPTURE_AUTORELEASING = YES;
				CLANG_WARN_BOOL_CONVERSION = YES;
				CLANG_WARN_COMMA = YES;
				CLANG_WARN_CONSTANT_CONVERSION = YES;
				CLANG_WARN_DEPRECATED_OBJC_IMPLEMENTATIONS = YES;
				CLANG_WARN_DIRECT_OBJC_ISA_USAGE = YES_ERROR;
				CLANG_WARN_DOCUMENTATION_COMMENTS = YES;
				CLANG_WARN_EMPTY_BODY = YES;
				CLANG_WARN_ENUM_CONVERSION = YES;
				CLANG_WARN_INFINITE_RECURSION = YES;
				CLANG_WARN_INT_CONVERSION = YES;
				CLANG_WARN_NON_LITERAL_NULL_CONVERSION = YES;
				CLANG_WARN_OBJC_IMPLICIT_RETAIN_SELF = YES;
				CLANG_WARN_OBJC_LITERAL_CONVERSION = YES;
				CLANG_WARN_OBJC_ROOT_CLASS = YES_ERROR;
				CLANG_WARN_QUOTED_INCLUDE_IN_FRAMEWORK_HEADER = YES;
				CLANG_WARN_RANGE_LOOP_ANALYSIS = YES;
				CLANG_WARN_STRICT_PROTOTYPES = YES;
				CLANG_WARN_SUSPICIOUS_MOVE = YES;
				CLANG_WARN_UNGUARDED_AVAILABILITY = YES_AGGRESSIVE;
				CLANG_WARN_UNREACHABLE_CODE = YES;
				CLANG_WARN__DUPLICATE_METHOD_MATCH = YES;
				COPY_PHASE_STRIP = NO;
				DEBUG_INFORMATION_FORMAT = "dwarf-with-dsym";
				ENABLE_NS_ASSERTIONS = NO;
				ENABLE_STRICT_OBJC_MSGSEND = YES;
				GCC_C_LANGUAGE_STANDARD = gnu11;
				GCC_NO_COMMON_BLOCKS = YES;
				GCC_WARN_64_TO_32_BIT_CONVERSION = YES;
				GCC_WARN_ABOUT_RETURN_TYPE = YES_ERROR;
				GCC_WARN_UNDECLARED_SELECTOR = YES;
				GCC_WARN_UNINITIALIZED_AUTOS = YES_AGGRESSIVE;
				GCC_WARN_UNUSED_FUNCTION = YES;
				GCC_WARN_UNUSED_VARIABLE = YES;
				IPHONEOS_DEPLOYMENT_TARGET = 15.5;
				MTL_ENABLE_DEBUG_INFO = NO;
				MTL_FAST_MATH = YES;
				SDKROOT = iphoneos;
				SWIFT_COMPILATION_MODE = wholemodule;
				SWIFT_OPTIMIZATION_LEVEL = "-O";
				VALIDATE_PRODUCT = YES;
			};
			name = Release;
		};
		27744F4D29B4105F00BC7B4C /* Debug */ = {
			isa = XCBuildConfiguration;
			buildSettings = {
				ASSETCATALOG_COMPILER_APPICON_NAME = AppIcon;
				ASSETCATALOG_COMPILER_GLOBAL_ACCENT_COLOR_NAME = AccentColor;
				CODE_SIGN_STYLE = Automatic;
				CURRENT_PROJECT_VERSION = 1;
				DEVELOPMENT_TEAM = AH35S9CVHW;
				GENERATE_INFOPLIST_FILE = YES;
				INFOPLIST_FILE = WiCHacksApp/Info.plist;
				INFOPLIST_KEY_UIApplicationSupportsIndirectInputEvents = YES;
				INFOPLIST_KEY_UILaunchStoryboardName = LaunchScreen;
				INFOPLIST_KEY_UIMainStoryboardFile = Main;
				INFOPLIST_KEY_UISupportedInterfaceOrientations_iPad = "UIInterfaceOrientationPortrait UIInterfaceOrientationPortraitUpsideDown UIInterfaceOrientationLandscapeLeft UIInterfaceOrientationLandscapeRight";
				INFOPLIST_KEY_UISupportedInterfaceOrientations_iPhone = "UIInterfaceOrientationPortrait UIInterfaceOrientationLandscapeLeft UIInterfaceOrientationLandscapeRight";
				LD_RUNPATH_SEARCH_PATHS = (
					"$(inherited)",
					"@executable_path/Frameworks",
				);
				MARKETING_VERSION = 1.0;
				PRODUCT_BUNDLE_IDENTIFIER = "Tiffany-Yang-and-Sophia-Yang.WiCHacksApp";
				PRODUCT_NAME = "$(TARGET_NAME)";
				SWIFT_EMIT_LOC_STRINGS = YES;
				SWIFT_VERSION = 5.0;
				TARGETED_DEVICE_FAMILY = "1,2";
			};
			name = Debug;
		};
		27744F4E29B4105F00BC7B4C /* Release */ = {
			isa = XCBuildConfiguration;
			buildSettings = {
				ASSETCATALOG_COMPILER_APPICON_NAME = AppIcon;
				ASSETCATALOG_COMPILER_GLOBAL_ACCENT_COLOR_NAME = AccentColor;
				CODE_SIGN_STYLE = Automatic;
				CURRENT_PROJECT_VERSION = 1;
				DEVELOPMENT_TEAM = AH35S9CVHW;
				GENERATE_INFOPLIST_FILE = YES;
				INFOPLIST_FILE = WiCHacksApp/Info.plist;
				INFOPLIST_KEY_UIApplicationSupportsIndirectInputEvents = YES;
				INFOPLIST_KEY_UILaunchStoryboardName = LaunchScreen;
				INFOPLIST_KEY_UIMainStoryboardFile = Main;
				INFOPLIST_KEY_UISupportedInterfaceOrientations_iPad = "UIInterfaceOrientationPortrait UIInterfaceOrientationPortraitUpsideDown UIInterfaceOrientationLandscapeLeft UIInterfaceOrientationLandscapeRight";
				INFOPLIST_KEY_UISupportedInterfaceOrientations_iPhone = "UIInterfaceOrientationPortrait UIInterfaceOrientationLandscapeLeft UIInterfaceOrientationLandscapeRight";
				LD_RUNPATH_SEARCH_PATHS = (
					"$(inherited)",
					"@executable_path/Frameworks",
				);
				MARKETING_VERSION = 1.0;
				PRODUCT_BUNDLE_IDENTIFIER = "Tiffany-Yang-and-Sophia-Yang.WiCHacksApp";
				PRODUCT_NAME = "$(TARGET_NAME)";
				SWIFT_EMIT_LOC_STRINGS = YES;
				SWIFT_VERSION = 5.0;
				TARGETED_DEVICE_FAMILY = "1,2";
			};
			name = Release;
		};
/* End XCBuildConfiguration section */

/* Begin XCConfigurationList section */
		27744F3029B4105E00BC7B4C /* Build configuration list for PBXProject "WiCHacksApp" */ = {
			isa = XCConfigurationList;
			buildConfigurations = (
				27744F4A29B4105F00BC7B4C /* Debug */,
				27744F4B29B4105F00BC7B4C /* Release */,
			);
			defaultConfigurationIsVisible = 0;
			defaultConfigurationName = Release;
		};
		27744F4C29B4105F00BC7B4C /* Build configuration list for PBXNativeTarget "WiCHacksApp" */ = {
			isa = XCConfigurationList;
			buildConfigurations = (
				27744F4D29B4105F00BC7B4C /* Debug */,
				27744F4E29B4105F00BC7B4C /* Release */,
			);
			defaultConfigurationIsVisible = 0;
			defaultConfigurationName = Release;
		};
/* End XCConfigurationList section */

/* Begin XCVersionGroup section */
		27744F4129B4105E00BC7B4C /* WiCHacksApp.xcdatamodeld */ = {
			isa = XCVersionGroup;
			children = (
				27744F4229B4105E00BC7B4C /* WiCHacksApp.xcdatamodel */,
			);
			currentVersion = 27744F4229B4105E00BC7B4C /* WiCHacksApp.xcdatamodel */;
			path = WiCHacksApp.xcdatamodeld;
			sourceTree = "<group>";
			versionGroupType = wrapper.xcdatamodel;
		};
/* End XCVersionGroup section */
	};
	rootObject = 27744F2D29B4105E00BC7B4C /* Project object */;
}
